
Microsoft Visual Studio Solution File, Format Version 12.00
# Visual Studio Version 17
VisualStudioVersion = 17.2.32505.173
MinimumVisualStudioVersion = 10.0.40219.1
Project("{9A19103F-16F7-4668-BE54-9A1E7A4F7556}") = "OrderTask.Domain", "OlderTask.Domain\OrderTask.Domain.csproj", "{EF0B89FC-5C10-4879-84B9-A81D0EC7B5F4}"
EndProject
Project("{9A19103F-16F7-4668-BE54-9A1E7A4F7556}") = "OrderTask.Infrastructure", "OlderTask.Infrastructure\OrderTask.Infrastructure.csproj", "{DFFF866A-D57F-4F7C-8FD1-92365555D2C4}"
EndProject
Project("{9A19103F-16F7-4668-BE54-9A1E7A4F7556}") = "OrderTask.UI", "OrderTask.UI\OrderTask.UI.csproj", "{F3EC84AC-79AC-4638-98D0-B4F85E411656}"
EndProject
Project("{9A19103F-16F7-4668-BE54-9A1E7A4F7556}") = "OrderTask.Business", "OrderTask.Business\OrderTask.Business.csproj", "{E1E67A99-BAA2-487B-A75F-AE781C011587}"
EndProject
Global
	GlobalSection(SolutionConfigurationPlatforms) = preSolution
		Debug|Any CPU = Debug|Any CPU
		Release|Any CPU = Release|Any CPU
	EndGlobalSection
	GlobalSection(ProjectConfigurationPlatforms) = postSolution
		{EF0B89FC-5C10-4879-84B9-A81D0EC7B5F4}.Debug|Any CPU.ActiveCfg = Debug|Any CPU
		{EF0B89FC-5C10-4879-84B9-A81D0EC7B5F4}.Debug|Any CPU.Build.0 = Debug|Any CPU
		{EF0B89FC-5C10-4879-84B9-A81D0EC7B5F4}.Release|Any CPU.ActiveCfg = Release|Any CPU
		{EF0B89FC-5C10-4879-84B9-A81D0EC7B5F4}.Release|Any CPU.Build.0 = Release|Any CPU
		{DFFF866A-D57F-4F7C-8FD1-92365555D2C4}.Debug|Any CPU.ActiveCfg = Debug|Any CPU
		{DFFF866A-D57F-4F7C-8FD1-92365555D2C4}.Debug|Any CPU.Build.0 = Debug|Any CPU
		{DFFF866A-D57F-4F7C-8FD1-92365555D2C4}.Release|Any CPU.ActiveCfg = Release|Any CPU
		{DFFF866A-D57F-4F7C-8FD1-92365555D2C4}.Release|Any CPU.Build.0 = Release|Any CPU
		{F3EC84AC-79AC-4638-98D0-B4F85E411656}.Debug|Any CPU.ActiveCfg = Debug|Any CPU
		{F3EC84AC-79AC-4638-98D0-B4F85E411656}.Debug|Any CPU.Build.0 = Debug|Any CPU
		{F3EC84AC-79AC-4638-98D0-B4F85E411656}.Release|Any CPU.ActiveCfg = Release|Any CPU
		{F3EC84AC-79AC-4638-98D0-B4F85E411656}.Release|Any CPU.Build.0 = Release|Any CPU
		{E1E67A99-BAA2-487B-A75F-AE781C011587}.Debug|Any CPU.ActiveCfg = Debug|Any CPU
		{E1E67A99-BAA2-487B-A75F-AE781C011587}.Debug|Any CPU.Build.0 = Debug|Any CPU
		{E1E67A99-BAA2-487B-A75F-AE781C011587}.Release|Any CPU.ActiveCfg = Release|Any CPU
		{E1E67A99-BAA2-487B-A75F-AE781C011587}.Release|Any CPU.Build.0 = Release|Any CPU
	EndGlobalSection
	GlobalSection(SolutionProperties) = preSolution
		HideSolutionNode = FALSE
	EndGlobalSection
	GlobalSection(ExtensibilityGlobals) = postSolution
		SolutionGuid = {A43465F9-73E9-4E04-B9F0-8E0124030073}
	EndGlobalSection
EndGlobal
